
Microsoft Visual Studio Solution File, Format Version 12.00
# Visual Studio Version 16
VisualStudioVersion = 16.0.31321.278
MinimumVisualStudioVersion = 10.0.40219.1
Project("{FAE04EC0-301F-11D3-BF4B-00C04F79EFBC}") = "DesafioTakeBlip", "DesafioTakeBlip\DesafioTakeBlip.csproj", "{C0A9A192-8237-461F-BA99-16CDEE7075BB}"
EndProject
Global
	GlobalSection(SolutionConfigurationPlatforms) = preSolution
		Debug|Any CPU = Debug|Any CPU
		Release|Any CPU = Release|Any CPU
	EndGlobalSection
	GlobalSection(ProjectConfigurationPlatforms) = postSolution
		{C0A9A192-8237-461F-BA99-16CDEE7075BB}.Debug|Any CPU.ActiveCfg = Debug|Any CPU
		{C0A9A192-8237-461F-BA99-16CDEE7075BB}.Debug|Any CPU.Build.0 = Debug|Any CPU
		{C0A9A192-8237-461F-BA99-16CDEE7075BB}.Release|Any CPU.ActiveCfg = Release|Any CPU
		{C0A9A192-8237-461F-BA99-16CDEE7075BB}.Release|Any CPU.Build.0 = Release|Any CPU
	EndGlobalSection
	GlobalSection(SolutionProperties) = preSolution
		HideSolutionNode = FALSE
	EndGlobalSection
	GlobalSection(ExtensibilityGlobals) = postSolution
		SolutionGuid = {91B9E69C-E447-4E28-927B-DE92667B3233}
	EndGlobalSection
EndGlobal
